// !$*UTF8*$!
{
	archiveVersion = 1;
	classes = {
	};
	objectVersion = 46;
	objects = {

/* Begin PBXBuildFile section */
		2D0F8EBA1FAEC6C30068920C /* PhotoView.swift in Sources */ = {isa = PBXBuildFile; fileRef = 2D0F8EB91FAEC6C30068920C /* PhotoView.swift */; };
		2D0F8EBC1FAEC7150068920C /* PhotoView.xib in Resources */ = {isa = PBXBuildFile; fileRef = 2D0F8EBB1FAEC7150068920C /* PhotoView.xib */; };
		2D0F8EBE1FAEC8DD0068920C /* MenuCell.swift in Sources */ = {isa = PBXBuildFile; fileRef = 2D0F8EBD1FAEC8DD0068920C /* MenuCell.swift */; };
		2D0F8EC01FAEC8FA0068920C /* MenuCell.xib in Resources */ = {isa = PBXBuildFile; fileRef = 2D0F8EBF1FAEC8FA0068920C /* MenuCell.xib */; };
		2D0F8EC21FAECBC50068920C /* FieldView.swift in Sources */ = {isa = PBXBuildFile; fileRef = 2D0F8EC11FAECBC50068920C /* FieldView.swift */; };
		2D0F8EC41FAECBE30068920C /* FieldView.xib in Resources */ = {isa = PBXBuildFile; fileRef = 2D0F8EC31FAECBE30068920C /* FieldView.xib */; };
		2D2BC6251FAD9AE7005E41C0 /* AppDelegate.swift in Sources */ = {isa = PBXBuildFile; fileRef = 2D2BC6241FAD9AE7005E41C0 /* AppDelegate.swift */; };
		2D2BC62C1FAD9AE7005E41C0 /* Assets.xcassets in Resources */ = {isa = PBXBuildFile; fileRef = 2D2BC62B1FAD9AE7005E41C0 /* Assets.xcassets */; };
		2D7C01881FADA8E30080E83A /* ContactList.swift in Sources */ = {isa = PBXBuildFile; fileRef = 2D7C01861FADA8E30080E83A /* ContactList.swift */; };
		2D7C01891FADA8E30080E83A /* ContactList.xib in Resources */ = {isa = PBXBuildFile; fileRef = 2D7C01871FADA8E30080E83A /* ContactList.xib */; };
		2D7C018B1FADA9690080E83A /* HeaderHome.swift in Sources */ = {isa = PBXBuildFile; fileRef = 2D7C018A1FADA9690080E83A /* HeaderHome.swift */; };
		2D7C018D1FADA97F0080E83A /* HeaderHome.xib in Resources */ = {isa = PBXBuildFile; fileRef = 2D7C018C1FADA97F0080E83A /* HeaderHome.xib */; };
		2D7C018F1FADB1E70080E83A /* Function.swift in Sources */ = {isa = PBXBuildFile; fileRef = 2D7C018E1FADB1E70080E83A /* Function.swift */; };
		2D7C01931FADB2670080E83A /* AASquaresLoading.swift in Sources */ = {isa = PBXBuildFile; fileRef = 2D7C01921FADB2670080E83A /* AASquaresLoading.swift */; };
		2D7C01951FADC6780080E83A /* ViewContact.swift in Sources */ = {isa = PBXBuildFile; fileRef = 2D7C01941FADC6780080E83A /* ViewContact.swift */; };
		2D7C01971FADC6A50080E83A /* AddContact.swift in Sources */ = {isa = PBXBuildFile; fileRef = 2D7C01961FADC6A50080E83A /* AddContact.swift */; };
		2D7C019B1FADC8880080E83A /* HeaderAdd.swift in Sources */ = {isa = PBXBuildFile; fileRef = 2D7C019A1FADC8880080E83A /* HeaderAdd.swift */; };
		2D7C019D1FADC8A30080E83A /* HeaderAdd.xib in Resources */ = {isa = PBXBuildFile; fileRef = 2D7C019C1FADC8A30080E83A /* HeaderAdd.xib */; };
		2D7C01A31FADCA4E0080E83A /* PhotoAdd.swift in Sources */ = {isa = PBXBuildFile; fileRef = 2D7C01A21FADCA4E0080E83A /* PhotoAdd.swift */; };
		2D7C01A51FADCA680080E83A /* PhotoAdd.xib in Resources */ = {isa = PBXBuildFile; fileRef = 2D7C01A41FADCA680080E83A /* PhotoAdd.xib */; };
		2D7C01A71FADCF6E0080E83A /* FieldAdd.swift in Sources */ = {isa = PBXBuildFile; fileRef = 2D7C01A61FADCF6E0080E83A /* FieldAdd.swift */; };
		2D7C01A91FADCF8B0080E83A /* FieldAdd.xib in Resources */ = {isa = PBXBuildFile; fileRef = 2D7C01A81FADCF8B0080E83A /* FieldAdd.xib */; };
		2DEED69E1FAD9E5C0070E0EB /* Server.swift in Sources */ = {isa = PBXBuildFile; fileRef = 2DEED69D1FAD9E5C0070E0EB /* Server.swift */; };
		2DEED6A21FAD9E650070E0EB /* Launch Screen.storyboard in Resources */ = {isa = PBXBuildFile; fileRef = 2DEED6A01FAD9E650070E0EB /* Launch Screen.storyboard */; };
		2DEED6A31FAD9E650070E0EB /* Main.storyboard in Resources */ = {isa = PBXBuildFile; fileRef = 2DEED6A11FAD9E650070E0EB /* Main.storyboard */; };
		2DEED6A61FAD9E710070E0EB /* HomeController.swift in Sources */ = {isa = PBXBuildFile; fileRef = 2DEED6A51FAD9E710070E0EB /* HomeController.swift */; };
		55BB87D34204E86525FE1727 /* Pods_ContactApp.framework in Frameworks */ = {isa = PBXBuildFile; fileRef = 2C5D67FF1E5C74C97AC4A490 /* Pods_ContactApp.framework */; };
/* End PBXBuildFile section */

/* Begin PBXFileReference section */
		1ACDC7D2566D69AA8CBC5800 /* Pods-ContactApp.debug.xcconfig */ = {isa = PBXFileReference; includeInIndex = 1; lastKnownFileType = text.xcconfig; name = "Pods-ContactApp.debug.xcconfig"; path = "Pods/Target Support Files/Pods-ContactApp/Pods-ContactApp.debug.xcconfig"; sourceTree = "<group>"; };
		20EAD1164BD04B0A95C2435D /* Pods-ContactApp.release.xcconfig */ = {isa = PBXFileReference; includeInIndex = 1; lastKnownFileType = text.xcconfig; name = "Pods-ContactApp.release.xcconfig"; path = "Pods/Target Support Files/Pods-ContactApp/Pods-ContactApp.release.xcconfig"; sourceTree = "<group>"; };
		2C5D67FF1E5C74C97AC4A490 /* Pods_ContactApp.framework */ = {isa = PBXFileReference; explicitFileType = wrapper.framework; includeInIndex = 0; path = Pods_ContactApp.framework; sourceTree = BUILT_PRODUCTS_DIR; };
		2D0F8EB91FAEC6C30068920C /* PhotoView.swift */ = {isa = PBXFileReference; fileEncoding = 4; lastKnownFileType = sourcecode.swift; path = PhotoView.swift; sourceTree = "<group>"; };
		2D0F8EBB1FAEC7150068920C /* PhotoView.xib */ = {isa = PBXFileReference; fileEncoding = 4; lastKnownFileType = file.xib; path = PhotoView.xib; sourceTree = "<group>"; };
		2D0F8EBD1FAEC8DD0068920C /* MenuCell.swift */ = {isa = PBXFileReference; fileEncoding = 4; lastKnownFileType = sourcecode.swift; path = MenuCell.swift; sourceTree = "<group>"; };
		2D0F8EBF1FAEC8FA0068920C /* MenuCell.xib */ = {isa = PBXFileReference; fileEncoding = 4; lastKnownFileType = file.xib; path = MenuCell.xib; sourceTree = "<group>"; };
		2D0F8EC11FAECBC50068920C /* FieldView.swift */ = {isa = PBXFileReference; fileEncoding = 4; lastKnownFileType = sourcecode.swift; path = FieldView.swift; sourceTree = "<group>"; };
		2D0F8EC31FAECBE30068920C /* FieldView.xib */ = {isa = PBXFileReference; fileEncoding = 4; lastKnownFileType = file.xib; path = FieldView.xib; sourceTree = "<group>"; };
		2D2BC6211FAD9AE7005E41C0 /* ContactApp.app */ = {isa = PBXFileReference; explicitFileType = wrapper.application; includeInIndex = 0; path = ContactApp.app; sourceTree = BUILT_PRODUCTS_DIR; };
		2D2BC6241FAD9AE7005E41C0 /* AppDelegate.swift */ = {isa = PBXFileReference; lastKnownFileType = sourcecode.swift; path = AppDelegate.swift; sourceTree = "<group>"; };
		2D2BC62B1FAD9AE7005E41C0 /* Assets.xcassets */ = {isa = PBXFileReference; lastKnownFileType = folder.assetcatalog; path = Assets.xcassets; sourceTree = "<group>"; };
		2D2BC6301FAD9AE7005E41C0 /* Info.plist */ = {isa = PBXFileReference; lastKnownFileType = text.plist.xml; path = Info.plist; sourceTree = "<group>"; };
		2D7C01861FADA8E30080E83A /* ContactList.swift */ = {isa = PBXFileReference; fileEncoding = 4; lastKnownFileType = sourcecode.swift; path = ContactList.swift; sourceTree = "<group>"; };
		2D7C01871FADA8E30080E83A /* ContactList.xib */ = {isa = PBXFileReference; fileEncoding = 4; lastKnownFileType = file.xib; path = ContactList.xib; sourceTree = "<group>"; };
		2D7C018A1FADA9690080E83A /* HeaderHome.swift */ = {isa = PBXFileReference; fileEncoding = 4; lastKnownFileType = sourcecode.swift; path = HeaderHome.swift; sourceTree = "<group>"; };
		2D7C018C1FADA97F0080E83A /* HeaderHome.xib */ = {isa = PBXFileReference; fileEncoding = 4; lastKnownFileType = file.xib; path = HeaderHome.xib; sourceTree = "<group>"; };
		2D7C018E1FADB1E70080E83A /* Function.swift */ = {isa = PBXFileReference; fileEncoding = 4; lastKnownFileType = sourcecode.swift; path = Function.swift; sourceTree = "<group>"; };
		2D7C01921FADB2670080E83A /* AASquaresLoading.swift */ = {isa = PBXFileReference; fileEncoding = 4; lastKnownFileType = sourcecode.swift; path = AASquaresLoading.swift; sourceTree = "<group>"; };
		2D7C01941FADC6780080E83A /* ViewContact.swift */ = {isa = PBXFileReference; fileEncoding = 4; lastKnownFileType = sourcecode.swift; path = ViewContact.swift; sourceTree = "<group>"; };
		2D7C01961FADC6A50080E83A /* AddContact.swift */ = {isa = PBXFileReference; fileEncoding = 4; lastKnownFileType = sourcecode.swift; path = AddContact.swift; sourceTree = "<group>"; };
		2D7C019A1FADC8880080E83A /* HeaderAdd.swift */ = {isa = PBXFileReference; fileEncoding = 4; lastKnownFileType = sourcecode.swift; path = HeaderAdd.swift; sourceTree = "<group>"; };
		2D7C019C1FADC8A30080E83A /* HeaderAdd.xib */ = {isa = PBXFileReference; fileEncoding = 4; lastKnownFileType = file.xib; path = HeaderAdd.xib; sourceTree = "<group>"; };
		2D7C01A21FADCA4E0080E83A /* PhotoAdd.swift */ = {isa = PBXFileReference; fileEncoding = 4; lastKnownFileType = sourcecode.swift; path = PhotoAdd.swift; sourceTree = "<group>"; };
		2D7C01A41FADCA680080E83A /* PhotoAdd.xib */ = {isa = PBXFileReference; fileEncoding = 4; lastKnownFileType = file.xib; path = PhotoAdd.xib; sourceTree = "<group>"; };
		2D7C01A61FADCF6E0080E83A /* FieldAdd.swift */ = {isa = PBXFileReference; fileEncoding = 4; lastKnownFileType = sourcecode.swift; path = FieldAdd.swift; sourceTree = "<group>"; };
		2D7C01A81FADCF8B0080E83A /* FieldAdd.xib */ = {isa = PBXFileReference; fileEncoding = 4; lastKnownFileType = file.xib; path = FieldAdd.xib; sourceTree = "<group>"; };
		2DEED69D1FAD9E5C0070E0EB /* Server.swift */ = {isa = PBXFileReference; fileEncoding = 4; lastKnownFileType = sourcecode.swift; path = Server.swift; sourceTree = "<group>"; };
		2DEED6A01FAD9E650070E0EB /* Launch Screen.storyboard */ = {isa = PBXFileReference; fileEncoding = 4; lastKnownFileType = file.storyboard; path = "Launch Screen.storyboard"; sourceTree = "<group>"; };
		2DEED6A11FAD9E650070E0EB /* Main.storyboard */ = {isa = PBXFileReference; fileEncoding = 4; lastKnownFileType = file.storyboard; path = Main.storyboard; sourceTree = "<group>"; };
		2DEED6A51FAD9E710070E0EB /* HomeController.swift */ = {isa = PBXFileReference; fileEncoding = 4; lastKnownFileType = sourcecode.swift; path = HomeController.swift; sourceTree = "<group>"; };
/* End PBXFileReference section */

/* Begin PBXFrameworksBuildPhase section */
		2D2BC61E1FAD9AE7005E41C0 /* Frameworks */ = {
			isa = PBXFrameworksBuildPhase;
			buildActionMask = 2147483647;
			files = (
				55BB87D34204E86525FE1727 /* Pods_ContactApp.framework in Frameworks */,
			);
			runOnlyForDeploymentPostprocessing = 0;
		};
/* End PBXFrameworksBuildPhase section */

/* Begin PBXGroup section */
		035E4FD2E441512C75B3AEF3 /* Pods */ = {
			isa = PBXGroup;
			children = (
				1ACDC7D2566D69AA8CBC5800 /* Pods-ContactApp.debug.xcconfig */,
				20EAD1164BD04B0A95C2435D /* Pods-ContactApp.release.xcconfig */,
			);
			name = Pods;
			sourceTree = "<group>";
		};
		2D2BC6181FAD9AE7005E41C0 = {
			isa = PBXGroup;
			children = (
				2D2BC6231FAD9AE7005E41C0 /* ContactApp */,
				2D2BC6221FAD9AE7005E41C0 /* Products */,
				035E4FD2E441512C75B3AEF3 /* Pods */,
				92D9BE76BEBC122CA7909A87 /* Frameworks */,
			);
			sourceTree = "<group>";
		};
		2D2BC6221FAD9AE7005E41C0 /* Products */ = {
			isa = PBXGroup;
			children = (
				2D2BC6211FAD9AE7005E41C0 /* ContactApp.app */,
			);
			name = Products;
			sourceTree = "<group>";
		};
		2D2BC6231FAD9AE7005E41C0 /* ContactApp */ = {
			isa = PBXGroup;
			children = (
				2D2BC6241FAD9AE7005E41C0 /* AppDelegate.swift */,
				2D2BC62B1FAD9AE7005E41C0 /* Assets.xcassets */,
				2D2BC6301FAD9AE7005E41C0 /* Info.plist */,
				2DEED6A71FAD9E790070E0EB /* VIew */,
				2DEED6A41FAD9E710070E0EB /* Controller */,
				2DEED69F1FAD9E650070E0EB /* Storybord */,
				2DEED69C1FAD9E5C0070E0EB /* Server */,
				2D7C01901FADB2670080E83A /* Library */,
			);
			path = ContactApp;
			sourceTree = "<group>";
		};
		2D7C01851FADA8E30080E83A /* Home */ = {
			isa = PBXGroup;
			children = (
				2D7C018A1FADA9690080E83A /* HeaderHome.swift */,
				2D7C018C1FADA97F0080E83A /* HeaderHome.xib */,
				2D7C01861FADA8E30080E83A /* ContactList.swift */,
				2D7C01871FADA8E30080E83A /* ContactList.xib */,
			);
			path = Home;
			sourceTree = "<group>";
		};
		2D7C01901FADB2670080E83A /* Library */ = {
			isa = PBXGroup;
			children = (
				2D7C01911FADB2670080E83A /* AASquaresLoading */,
			);
			path = Library;
			sourceTree = "<group>";
		};
		2D7C01911FADB2670080E83A /* AASquaresLoading */ = {
			isa = PBXGroup;
			children = (
				2D7C01921FADB2670080E83A /* AASquaresLoading.swift */,
			);
			path = AASquaresLoading;
			sourceTree = "<group>";
		};
		2D7C01981FADC83E0080E83A /* Add */ = {
			isa = PBXGroup;
			children = (
				2D7C019A1FADC8880080E83A /* HeaderAdd.swift */,
				2D7C019C1FADC8A30080E83A /* HeaderAdd.xib */,
				2D7C01A21FADCA4E0080E83A /* PhotoAdd.swift */,
				2D7C01A41FADCA680080E83A /* PhotoAdd.xib */,
				2D7C01A61FADCF6E0080E83A /* FieldAdd.swift */,
				2D7C01A81FADCF8B0080E83A /* FieldAdd.xib */,
			);
			path = Add;
			sourceTree = "<group>";
		};
		2D7C01991FADC8440080E83A /* View */ = {
			isa = PBXGroup;
			children = (
				2D0F8EB91FAEC6C30068920C /* PhotoView.swift */,
				2D0F8EBB1FAEC7150068920C /* PhotoView.xib */,
				2D0F8EBD1FAEC8DD0068920C /* MenuCell.swift */,
				2D0F8EBF1FAEC8FA0068920C /* MenuCell.xib */,
				2D0F8EC11FAECBC50068920C /* FieldView.swift */,
				2D0F8EC31FAECBE30068920C /* FieldView.xib */,
			);
			path = View;
			sourceTree = "<group>";
		};
		2DEED69C1FAD9E5C0070E0EB /* Server */ = {
			isa = PBXGroup;
			children = (
				2DEED69D1FAD9E5C0070E0EB /* Server.swift */,
				2D7C018E1FADB1E70080E83A /* Function.swift */,
			);
			path = Server;
			sourceTree = "<group>";
		};
		2DEED69F1FAD9E650070E0EB /* Storybord */ = {
			isa = PBXGroup;
			children = (
				2DEED6A01FAD9E650070E0EB /* Launch Screen.storyboard */,
				2DEED6A11FAD9E650070E0EB /* Main.storyboard */,
			);
			path = Storybord;
			sourceTree = "<group>";
		};
		2DEED6A41FAD9E710070E0EB /* Controller */ = {
			isa = PBXGroup;
			children = (
				2DEED6A51FAD9E710070E0EB /* HomeController.swift */,
				2D7C01941FADC6780080E83A /* ViewContact.swift */,
				2D7C01961FADC6A50080E83A /* AddContact.swift */,
			);
			path = Controller;
			sourceTree = "<group>";
		};
		2DEED6A71FAD9E790070E0EB /* VIew */ = {
			isa = PBXGroup;
			children = (
				2D7C01991FADC8440080E83A /* View */,
				2D7C01981FADC83E0080E83A /* Add */,
				2D7C01851FADA8E30080E83A /* Home */,
			);
			path = VIew;
			sourceTree = "<group>";
		};
		92D9BE76BEBC122CA7909A87 /* Frameworks */ = {
			isa = PBXGroup;
			children = (
				2C5D67FF1E5C74C97AC4A490 /* Pods_ContactApp.framework */,
			);
			name = Frameworks;
			sourceTree = "<group>";
		};
/* End PBXGroup section */

/* Begin PBXNativeTarget section */
		2D2BC6201FAD9AE7005E41C0 /* ContactApp */ = {
			isa = PBXNativeTarget;
			buildConfigurationList = 2D2BC6331FAD9AE7005E41C0 /* Build configuration list for PBXNativeTarget "ContactApp" */;
			buildPhases = (
				76594900398F1E61ED0979E4 /* [CP] Check Pods Manifest.lock */,
				2D2BC61D1FAD9AE7005E41C0 /* Sources */,
				2D2BC61E1FAD9AE7005E41C0 /* Frameworks */,
				2D2BC61F1FAD9AE7005E41C0 /* Resources */,
				640D6573640930B5D60E6D36 /* [CP] Embed Pods Frameworks */,
				CD43826613C1D99A66FE4548 /* [CP] Copy Pods Resources */,
			);
			buildRules = (
			);
			dependencies = (
			);
			name = ContactApp;
			productName = ContactApp;
			productReference = 2D2BC6211FAD9AE7005E41C0 /* ContactApp.app */;
			productType = "com.apple.product-type.application";
		};
/* End PBXNativeTarget section */

/* Begin PBXProject section */
		2D2BC6191FAD9AE7005E41C0 /* Project object */ = {
			isa = PBXProject;
			attributes = {
				LastSwiftUpdateCheck = 0830;
				LastUpgradeCheck = 0830;
				ORGANIZATIONNAME = "denis tirta";
				TargetAttributes = {
					2D2BC6201FAD9AE7005E41C0 = {
						CreatedOnToolsVersion = 8.3.3;
						DevelopmentTeam = NW622ED65C;
						LastSwiftMigration = 0830;
						ProvisioningStyle = Automatic;
					};
				};
			};
			buildConfigurationList = 2D2BC61C1FAD9AE7005E41C0 /* Build configuration list for PBXProject "ContactApp" */;
			compatibilityVersion = "Xcode 3.2";
			developmentRegion = English;
			hasScannedForEncodings = 0;
			knownRegions = (
				en,
				Base,
			);
			mainGroup = 2D2BC6181FAD9AE7005E41C0;
			productRefGroup = 2D2BC6221FAD9AE7005E41C0 /* Products */;
			projectDirPath = "";
			projectRoot = "";
			targets = (
				2D2BC6201FAD9AE7005E41C0 /* ContactApp */,
			);
		};
/* End PBXProject section */

/* Begin PBXResourcesBuildPhase section */
		2D2BC61F1FAD9AE7005E41C0 /* Resources */ = {
			isa = PBXResourcesBuildPhase;
			buildActionMask = 2147483647;
			files = (
				2D7C018D1FADA97F0080E83A /* HeaderHome.xib in Resources */,
				2D7C01891FADA8E30080E83A /* ContactList.xib in Resources */,
				2D0F8EC01FAEC8FA0068920C /* MenuCell.xib in Resources */,
				2D7C01A91FADCF8B0080E83A /* FieldAdd.xib in Resources */,
				2D7C019D1FADC8A30080E83A /* HeaderAdd.xib in Resources */,
				2D0F8EC41FAECBE30068920C /* FieldView.xib in Resources */,
				2DEED6A31FAD9E650070E0EB /* Main.storyboard in Resources */,
				2D0F8EBC1FAEC7150068920C /* PhotoView.xib in Resources */,
				2D7C01A51FADCA680080E83A /* PhotoAdd.xib in Resources */,
				2DEED6A21FAD9E650070E0EB /* Launch Screen.storyboard in Resources */,
				2D2BC62C1FAD9AE7005E41C0 /* Assets.xcassets in Resources */,
			);
			runOnlyForDeploymentPostprocessing = 0;
		};
/* End PBXResourcesBuildPhase section */

/* Begin PBXShellScriptBuildPhase section */
		640D6573640930B5D60E6D36 /* [CP] Embed Pods Frameworks */ = {
			isa = PBXShellScriptBuildPhase;
			buildActionMask = 2147483647;
			files = (
			);
			inputPaths = (
			);
			name = "[CP] Embed Pods Frameworks";
			outputPaths = (
			);
			runOnlyForDeploymentPostprocessing = 0;
			shellPath = /bin/sh;
			shellScript = "\"${SRCROOT}/Pods/Target Support Files/Pods-ContactApp/Pods-ContactApp-frameworks.sh\"\n";
			showEnvVarsInLog = 0;
		};
		76594900398F1E61ED0979E4 /* [CP] Check Pods Manifest.lock */ = {
			isa = PBXShellScriptBuildPhase;
			buildActionMask = 2147483647;
			files = (
			);
			inputPaths = (
			);
			name = "[CP] Check Pods Manifest.lock";
			outputPaths = (
			);
			runOnlyForDeploymentPostprocessing = 0;
			shellPath = /bin/sh;
			shellScript = "diff \"${PODS_ROOT}/../Podfile.lock\" \"${PODS_ROOT}/Manifest.lock\" > /dev/null\nif [[ $? != 0 ]] ; then\n    cat << EOM\nerror: The sandbox is not in sync with the Podfile.lock. Run 'pod install' or update your CocoaPods installation.\nEOM\n    exit 1\nfi\n";
			showEnvVarsInLog = 0;
		};
		CD43826613C1D99A66FE4548 /* [CP] Copy Pods Resources */ = {
			isa = PBXShellScriptBuildPhase;
			buildActionMask = 2147483647;
			files = (
			);
			inputPaths = (
			);
			name = "[CP] Copy Pods Resources";
			outputPaths = (
			);
			runOnlyForDeploymentPostprocessing = 0;
			shellPath = /bin/sh;
			shellScript = "\"${SRCROOT}/Pods/Target Support Files/Pods-ContactApp/Pods-ContactApp-resources.sh\"\n";
			showEnvVarsInLog = 0;
		};
/* End PBXShellScriptBuildPhase section */

/* Begin PBXSourcesBuildPhase section */
		2D2BC61D1FAD9AE7005E41C0 /* Sources */ = {
			isa = PBXSourcesBuildPhase;
			buildActionMask = 2147483647;
			files = (
				2D0F8EBE1FAEC8DD0068920C /* MenuCell.swift in Sources */,
				2D7C01931FADB2670080E83A /* AASquaresLoading.swift in Sources */,
				2D0F8EBA1FAEC6C30068920C /* PhotoView.swift in Sources */,
				2DEED69E1FAD9E5C0070E0EB /* Server.swift in Sources */,
				2D0F8EC21FAECBC50068920C /* FieldView.swift in Sources */,
				2D7C019B1FADC8880080E83A /* HeaderAdd.swift in Sources */,
				2D2BC6251FAD9AE7005E41C0 /* AppDelegate.swift in Sources */,
				2D7C01A31FADCA4E0080E83A /* PhotoAdd.swift in Sources */,
				2D7C01971FADC6A50080E83A /* AddContact.swift in Sources */,
				2D7C01A71FADCF6E0080E83A /* FieldAdd.swift in Sources */,
				2D7C01951FADC6780080E83A /* ViewContact.swift in Sources */,
				2DEED6A61FAD9E710070E0EB /* HomeController.swift in Sources */,
				2D7C018F1FADB1E70080E83A /* Function.swift in Sources */,
				2D7C018B1FADA9690080E83A /* HeaderHome.swift in Sources */,
				2D7C01881FADA8E30080E83A /* ContactList.swift in Sources */,
			);
			runOnlyForDeploymentPostprocessing = 0;
		};
/* End PBXSourcesBuildPhase section */

/* Begin XCBuildConfiguration section */
		2D2BC6311FAD9AE7005E41C0 /* Debug */ = {
			isa = XCBuildConfiguration;
			buildSettings = {
				ALWAYS_SEARCH_USER_PATHS = NO;
				CLANG_ANALYZER_NONNULL = YES;
				CLANG_ANALYZER_NUMBER_OBJECT_CONVERSION = YES_AGGRESSIVE;
				CLANG_CXX_LANGUAGE_STANDARD = "gnu++0x";
				CLANG_CXX_LIBRARY = "libc++";
				CLANG_ENABLE_MODULES = YES;
				CLANG_ENABLE_OBJC_ARC = YES;
				CLANG_WARN_BOOL_CONVERSION = YES;
				CLANG_WARN_CONSTANT_CONVERSION = YES;
				CLANG_WARN_DIRECT_OBJC_ISA_USAGE = YES_ERROR;
				CLANG_WARN_DOCUMENTATION_COMMENTS = YES;
				CLANG_WARN_EMPTY_BODY = YES;
				CLANG_WARN_ENUM_CONVERSION = YES;
				CLANG_WARN_INFINITE_RECURSION = YES;
				CLANG_WARN_INT_CONVERSION = YES;
				CLANG_WARN_OBJC_ROOT_CLASS = YES_ERROR;
				CLANG_WARN_SUSPICIOUS_MOVE = YES;
				CLANG_WARN_UNREACHABLE_CODE = YES;
				CLANG_WARN__DUPLICATE_METHOD_MATCH = YES;
				"CODE_SIGN_IDENTITY[sdk=iphoneos*]" = "iPhone Developer";
				COPY_PHASE_STRIP = NO;
				DEBUG_INFORMATION_FORMAT = dwarf;
				ENABLE_STRICT_OBJC_MSGSEND = YES;
				ENABLE_TESTABILITY = YES;
				GCC_C_LANGUAGE_STANDARD = gnu99;
				GCC_DYNAMIC_NO_PIC = NO;
				GCC_NO_COMMON_BLOCKS = YES;
				GCC_OPTIMIZATION_LEVEL = 0;
				GCC_PREPROCESSOR_DEFINITIONS = (
					"DEBUG=1",
					"$(inherited)",
				);
				GCC_WARN_64_TO_32_BIT_CONVERSION = YES;
				GCC_WARN_ABOUT_RETURN_TYPE = YES_ERROR;
				GCC_WARN_UNDECLARED_SELECTOR = YES;
				GCC_WARN_UNINITIALIZED_AUTOS = YES_AGGRESSIVE;
				GCC_WARN_UNUSED_FUNCTION = YES;
				GCC_WARN_UNUSED_VARIABLE = YES;
				IPHONEOS_DEPLOYMENT_TARGET = 8.0;
				MTL_ENABLE_DEBUG_INFO = YES;
				ONLY_ACTIVE_ARCH = YES;
				SDKROOT = iphoneos;
				SWIFT_ACTIVE_COMPILATION_CONDITIONS = DEBUG;
				SWIFT_OPTIMIZATION_LEVEL = "-Onone";
			};
			name = Debug;
		};
		2D2BC6321FAD9AE7005E41C0 /* Release */ = {
			isa = XCBuildConfiguration;
			buildSettings = {
				ALWAYS_SEARCH_USER_PATHS = NO;
				CLANG_ANALYZER_NONNULL = YES;
				CLANG_ANALYZER_NUMBER_OBJECT_CONVERSION = YES_AGGRESSIVE;
				CLANG_CXX_LANGUAGE_STANDARD = "gnu++0x";
				CLANG_CXX_LIBRARY = "libc++";
				CLANG_ENABLE_MODULES = YES;
				CLANG_ENABLE_OBJC_ARC = YES;
				CLANG_WARN_BOOL_CONVERSION = YES;
				CLANG_WARN_CONSTANT_CONVERSION = YES;
				CLANG_WARN_DIRECT_OBJC_ISA_USAGE = YES_ERROR;
				CLANG_WARN_DOCUMENTATION_COMMENTS = YES;
				CLANG_WARN_EMPTY_BODY = YES;
				CLANG_WARN_ENUM_CONVERSION = YES;
				CLANG_WARN_INFINITE_RECURSION = YES;
				CLANG_WARN_INT_CONVERSION = YES;
				CLANG_WARN_OBJC_ROOT_CLASS = YES_ERROR;
				CLANG_WARN_SUSPICIOUS_MOVE = YES;
				CLANG_WARN_UNREACHABLE_CODE = YES;
				CLANG_WARN__DUPLICATE_METHOD_MATCH = YES;
				"CODE_SIGN_IDENTITY[sdk=iphoneos*]" = "iPhone Developer";
				COPY_PHASE_STRIP = NO;
				DEBUG_INFORMATION_FORMAT = "dwarf-with-dsym";
				ENABLE_NS_ASSERTIONS = NO;
				ENABLE_STRICT_OBJC_MSGSEND = YES;
				GCC_C_LANGUAGE_STANDARD = gnu99;
				GCC_NO_COMMON_BLOCKS = YES;
				GCC_WARN_64_TO_32_BIT_CONVERSION = YES;
				GCC_WARN_ABOUT_RETURN_TYPE = YES_ERROR;
				GCC_WARN_UNDECLARED_SELECTOR = YES;
				GCC_WARN_UNINITIALIZED_AUTOS = YES_AGGRESSIVE;
				GCC_WARN_UNUSED_FUNCTION = YES;
				GCC_WARN_UNUSED_VARIABLE = YES;
				IPHONEOS_DEPLOYMENT_TARGET = 8.0;
				MTL_ENABLE_DEBUG_INFO = NO;
				SDKROOT = iphoneos;
				SWIFT_OPTIMIZATION_LEVEL = "-Owholemodule";
				VALIDATE_PRODUCT = YES;
			};
			name = Release;
		};
		2D2BC6341FAD9AE7005E41C0 /* Debug */ = {
			isa = XCBuildConfiguration;
			baseConfigurationReference = 1ACDC7D2566D69AA8CBC5800 /* Pods-ContactApp.debug.xcconfig */;
			buildSettings = {
				ALWAYS_EMBED_SWIFT_STANDARD_LIBRARIES = YES;
				ASSETCATALOG_COMPILER_APPICON_NAME = AppIcon;
				DEVELOPMENT_TEAM = NW622ED65C;
				INFOPLIST_FILE = ContactApp/Info.plist;
				IPHONEOS_DEPLOYMENT_TARGET = 8.0;
				LD_RUNPATH_SEARCH_PATHS = "$(inherited) @executable_path/Frameworks";
				PRODUCT_BUNDLE_IDENTIFIER = TirtaBrother.ContactApp;
				PRODUCT_NAME = "$(TARGET_NAME)";
				SWIFT_VERSION = 3.0;
			};
			name = Debug;
		};
		2D2BC6351FAD9AE7005E41C0 /* Release */ = {
			isa = XCBuildConfiguration;
			baseConfigurationReference = 20EAD1164BD04B0A95C2435D /* Pods-ContactApp.release.xcconfig */;
			buildSettings = {
				ALWAYS_EMBED_SWIFT_STANDARD_LIBRARIES = YES;
				ASSETCATALOG_COMPILER_APPICON_NAME = AppIcon;
				DEVELOPMENT_TEAM = NW622ED65C;
				INFOPLIST_FILE = ContactApp/Info.plist;
				IPHONEOS_DEPLOYMENT_TARGET = 8.0;
				LD_RUNPATH_SEARCH_PATHS = "$(inherited) @executable_path/Frameworks";
				PRODUCT_BUNDLE_IDENTIFIER = TirtaBrother.ContactApp;
				PRODUCT_NAME = "$(TARGET_NAME)";
				SWIFT_VERSION = 3.0;
			};
			name = Release;
		};
/* End XCBuildConfiguration section */

/* Begin XCConfigurationList section */
		2D2BC61C1FAD9AE7005E41C0 /* Build configuration list for PBXProject "ContactApp" */ = {
			isa = XCConfigurationList;
			buildConfigurations = (
				2D2BC6311FAD9AE7005E41C0 /* Debug */,
				2D2BC6321FAD9AE7005E41C0 /* Release */,
			);
			defaultConfigurationIsVisible = 0;
			defaultConfigurationName = Release;
		};
		2D2BC6331FAD9AE7005E41C0 /* Build configuration list for PBXNativeTarget "ContactApp" */ = {
			isa = XCConfigurationList;
			buildConfigurations = (
				2D2BC6341FAD9AE7005E41C0 /* Debug */,
				2D2BC6351FAD9AE7005E41C0 /* Release */,
			);
			defaultConfigurationIsVisible = 0;
			defaultConfigurationName = Release;
		};
/* End XCConfigurationList section */
	};
	rootObject = 2D2BC6191FAD9AE7005E41C0 /* Project object */;
}
